// !$*UTF8*$!
{
	archiveVersion = 1;
	classes = {
	};
	objectVersion = 50;
	objects = {

/* Begin PBXBuildFile section */
		596415F723FD975C0048E2AA /* AppDelegate.swift in Sources */ = {isa = PBXBuildFile; fileRef = 596415F623FD975C0048E2AA /* AppDelegate.swift */; };
		596415F923FD975C0048E2AA /* SceneDelegate.swift in Sources */ = {isa = PBXBuildFile; fileRef = 596415F823FD975C0048E2AA /* SceneDelegate.swift */; };
		596415FB23FD975C0048E2AA /* ViewController.swift in Sources */ = {isa = PBXBuildFile; fileRef = 596415FA23FD975C0048E2AA /* ViewController.swift */; };
		596415FE23FD975C0048E2AA /* Main.storyboard in Resources */ = {isa = PBXBuildFile; fileRef = 596415FC23FD975C0048E2AA /* Main.storyboard */; };
		5964160023FD975E0048E2AA /* Assets.xcassets in Resources */ = {isa = PBXBuildFile; fileRef = 596415FF23FD975E0048E2AA /* Assets.xcassets */; };
		5964160323FD975E0048E2AA /* LaunchScreen.storyboard in Resources */ = {isa = PBXBuildFile; fileRef = 5964160123FD975E0048E2AA /* LaunchScreen.storyboard */; };
		5964160B23FD9AB70048E2AA /* NumberGuessViewController.swift in Sources */ = {isa = PBXBuildFile; fileRef = 5964160A23FD9AB70048E2AA /* NumberGuessViewController.swift */; };
/* End PBXBuildFile section */

/* Begin PBXFileReference section */
		596415F323FD975C0048E2AA /* Number Guesser Final.app */ = {isa = PBXFileReference; explicitFileType = wrapper.application; includeInIndex = 0; path = "Number Guesser Final.app"; sourceTree = BUILT_PRODUCTS_DIR; };
		596415F623FD975C0048E2AA /* AppDelegate.swift */ = {isa = PBXFileReference; lastKnownFileType = sourcecode.swift; path = AppDelegate.swift; sourceTree = "<group>"; };
		596415F823FD975C0048E2AA /* SceneDelegate.swift */ = {isa = PBXFileReference; lastKnownFileType = sourcecode.swift; path = SceneDelegate.swift; sourceTree = "<group>"; };
		596415FA23FD975C0048E2AA /* ViewController.swift */ = {isa = PBXFileReference; lastKnownFileType = sourcecode.swift; path = ViewController.swift; sourceTree = "<group>"; };
		596415FD23FD975C0048E2AA /* Base */ = {isa = PBXFileReference; lastKnownFileType = file.storyboard; name = Base; path = Base.lproj/Main.storyboard; sourceTree = "<group>"; };
		596415FF23FD975E0048E2AA /* Assets.xcassets */ = {isa = PBXFileReference; lastKnownFileType = folder.assetcatalog; path = Assets.xcassets; sourceTree = "<group>"; };
		5964160223FD975E0048E2AA /* Base */ = {isa = PBXFileReference; lastKnownFileType = file.storyboard; name = Base; path = Base.lproj/LaunchScreen.storyboard; sourceTree = "<group>"; };
		5964160423FD975E0048E2AA /* Info.plist */ = {isa = PBXFileReference; lastKnownFileType = text.plist.xml; path = Info.plist; sourceTree = "<group>"; };
		5964160A23FD9AB70048E2AA /* NumberGuessViewController.swift */ = {isa = PBXFileReference; lastKnownFileType = sourcecode.swift; path = NumberGuessViewController.swift; sourceTree = "<group>"; };
/* End PBXFileReference section */

/* Begin PBXFrameworksBuildPhase section */
		596415F023FD975C0048E2AA /* Frameworks */ = {
			isa = PBXFrameworksBuildPhase;
			buildActionMask = 2147483647;
			files = (
			);
			runOnlyForDeploymentPostprocessing = 0;
		};
/* End PBXFrameworksBuildPhase section */

/* Begin PBXGroup section */
		596415EA23FD975C0048E2AA = {
			isa = PBXGroup;
			children = (
				596415F523FD975C0048E2AA /* Number Guesser Final */,
				596415F423FD975C0048E2AA /* Products */,
			);
			sourceTree = "<group>";
		};
		596415F423FD975C0048E2AA /* Products */ = {
			isa = PBXGroup;
			children = (
				596415F323FD975C0048E2AA /* Number Guesser Final.app */,
			);
			name = Products;
			sourceTree = "<group>";
		};
		596415F523FD975C0048E2AA /* Number Guesser Final */ = {
			isa = PBXGroup;
			children = (
				596415F623FD975C0048E2AA /* AppDelegate.swift */,
				596415F823FD975C0048E2AA /* SceneDelegate.swift */,
				596415FA23FD975C0048E2AA /* ViewController.swift */,
				5964160A23FD9AB70048E2AA /* NumberGuessViewController.swift */,
				596415FC23FD975C0048E2AA /* Main.storyboard */,
				596415FF23FD975E0048E2AA /* Assets.xcassets */,
				5964160123FD975E0048E2AA /* LaunchScreen.storyboard */,
				5964160423FD975E0048E2AA /* Info.plist */,
			);
			path = "Number Guesser Final";
			sourceTree = "<group>";
		};
/* End PBXGroup section */

/* Begin PBXNativeTarget section */
		596415F223FD975C0048E2AA /* Number Guesser Final */ = {
			isa = PBXNativeTarget;
			buildConfigurationList = 5964160723FD975E0048E2AA /* Build configuration list for PBXNativeTarget "Number Guesser Final" */;
			buildPhases = (
				596415EF23FD975C0048E2AA /* Sources */,
				596415F023FD975C0048E2AA /* Frameworks */,
				596415F123FD975C0048E2AA /* Resources */,
			);
			buildRules = (
			);
			dependencies = (
			);
			name = "Number Guesser Final";
			productName = "Number Guesser Final";
			productReference = 596415F323FD975C0048E2AA /* Number Guesser Final.app */;
			productType = "com.apple.product-type.application";
		};
/* End PBXNativeTarget section */

/* Begin PBXProject section */
		596415EB23FD975C0048E2AA /* Project object */ = {
			isa = PBXProject;
			attributes = {
				LastSwiftUpdateCheck = 1130;
				LastUpgradeCheck = 1130;
				ORGANIZATIONNAME = "Ethan Weinrot";
				TargetAttributes = {
					596415F223FD975C0048E2AA = {
						CreatedOnToolsVersion = 11.3.1;
					};
				};
			};
			buildConfigurationList = 596415EE23FD975C0048E2AA /* Build configuration list for PBXProject "Number Guesser Final" */;
			compatibilityVersion = "Xcode 9.3";
			developmentRegion = en;
			hasScannedForEncodings = 0;
			knownRegions = (
				en,
				Base,
			);
			mainGroup = 596415EA23FD975C0048E2AA;
			productRefGroup = 596415F423FD975C0048E2AA /* Products */;
			projectDirPath = "";
			projectRoot = "";
			targets = (
				596415F223FD975C0048E2AA /* Number Guesser Final */,
			);
		};
/* End PBXProject section */

/* Begin PBXResourcesBuildPhase section */
		596415F123FD975C0048E2AA /* Resources */ = {
			isa = PBXResourcesBuildPhase;
			buildActionMask = 2147483647;
			files = (
				5964160323FD975E0048E2AA /* LaunchScreen.storyboard in Resources */,
				5964160023FD975E0048E2AA /* Assets.xcassets in Resources */,
				596415FE23FD975C0048E2AA /* Main.storyboard in Resources */,
			);
			runOnlyForDeploymentPostprocessing = 0;
		};
/* End PBXResourcesBuildPhase section */

/* Begin PBXSourcesBuildPhase section */
		596415EF23FD975C0048E2AA /* Sources */ = {
			isa = PBXSourcesBuildPhase;
			buildActionMask = 2147483647;
			files = (
				596415FB23FD975C0048E2AA /* ViewController.swift in Sources */,
				5964160B23FD9AB70048E2AA /* NumberGuessViewController.swift in Sources */,
				596415F723FD975C0048E2AA /* AppDelegate.swift in Sources */,
				596415F923FD975C0048E2AA /* SceneDelegate.swift in Sources */,
			);
			runOnlyForDeploymentPostprocessing = 0;
		};
/* End PBXSourcesBuildPhase section */

/* Begin PBXVariantGroup section */
		596415FC23FD975C0048E2AA /* Main.storyboard */ = {
			isa = PBXVariantGroup;
			children = (
				596415FD23FD975C0048E2AA /* Base */,
			);
			name = Main.storyboard;
			sourceTree = "<group>";
		};
		5964160123FD975E0048E2AA /* LaunchScreen.storyboard */ = {
			isa = PBXVariantGroup;
			children = (
				5964160223FD975E0048E2AA /* Base */,
			);
			name = LaunchScreen.storyboard;
			sourceTree = "<group>";
		};
/* End PBXVariantGroup section */

/* Begin XCBuildConfiguration section */
		5964160523FD975E0048E2AA /* Debug */ = {
			isa = XCBuildConfiguration;
			buildSettings = {
				ALWAYS_SEARCH_USER_PATHS = NO;
				CLANG_ANALYZER_NONNULL = YES;
				CLANG_ANALYZER_NUMBER_OBJECT_CONVERSION = YES_AGGRESSIVE;
				CLANG_CXX_LANGUAGE_STANDARD = "gnu++14";
				CLANG_CXX_LIBRARY = "libc++";
				CLANG_ENABLE_MODULES = YES;
				CLANG_ENABLE_OBJC_ARC = YES;
				CLANG_ENABLE_OBJC_WEAK = YES;
				CLANG_WARN_BLOCK_CAPTURE_AUTORELEASING = YES;
				CLANG_WARN_BOOL_CONVERSION = YES;
				CLANG_WARN_COMMA = YES;
				CLANG_WARN_CONSTANT_CONVERSION = YES;
				CLANG_WARN_DEPRECATED_OBJC_IMPLEMENTATIONS = YES;
				CLANG_WARN_DIRECT_OBJC_ISA_USAGE = YES_ERROR;
				CLANG_WARN_DOCUMENTATION_COMMENTS = YES;
				CLANG_WARN_EMPTY_BODY = YES;
				CLANG_WARN_ENUM_CONVERSION = YES;
				CLANG_WARN_INFINITE_RECURSION = YES;
				CLANG_WARN_INT_CONVERSION = YES;
				CLANG_WARN_NON_LITERAL_NULL_CONVERSION = YES;
				CLANG_WARN_OBJC_IMPLICIT_RETAIN_SELF = YES;
				CLANG_WARN_OBJC_LITERAL_CONVERSION = YES;
				CLANG_WARN_OBJC_ROOT_CLASS = YES_ERROR;
				CLANG_WARN_RANGE_LOOP_ANALYSIS = YES;
				CLANG_WARN_STRICT_PROTOTYPES = YES;
				CLANG_WARN_SUSPICIOUS_MOVE = YES;
				CLANG_WARN_UNGUARDED_AVAILABILITY = YES_AGGRESSIVE;
				CLANG_WARN_UNREACHABLE_CODE = YES;
				CLANG_WARN__DUPLICATE_METHOD_MATCH = YES;
				COPY_PHASE_STRIP = NO;
				DEBUG_INFORMATION_FORMAT = dwarf;
				ENABLE_STRICT_OBJC_MSGSEND = YES;
				ENABLE_TESTABILITY = YES;
				GCC_C_LANGUAGE_STANDARD = gnu11;
				GCC_DYNAMIC_NO_PIC = NO;
				GCC_NO_COMMON_BLOCKS = YES;
				GCC_OPTIMIZATION_LEVEL = 0;
				GCC_PREPROCESSOR_DEFINITIONS = (
					"DEBUG=1",
					"$(inherited)",
				);
				GCC_WARN_64_TO_32_BIT_CONVERSION = YES;
				GCC_WARN_ABOUT_RETURN_TYPE = YES_ERROR;
				GCC_WARN_UNDECLARED_SELECTOR = YES;
				GCC_WARN_UNINITIALIZED_AUTOS = YES_AGGRESSIVE;
				GCC_WARN_UNUSED_FUNCTION = YES;
				GCC_WARN_UNUSED_VARIABLE = YES;
				IPHONEOS_DEPLOYMENT_TARGET = 13.2;
				MTL_ENABLE_DEBUG_INFO = INCLUDE_SOURCE;
				MTL_FAST_MATH = YES;
				ONLY_ACTIVE_ARCH = YES;
				SDKROOT = iphoneos;
				SWIFT_ACTIVE_COMPILATION_CONDITIONS = DEBUG;
				SWIFT_OPTIMIZATION_LEVEL = "-Onone";
			};
			name = Debug;
		};
		5964160623FD975E0048E2AA /* Release */ = {
			isa = XCBuildConfiguration;
			buildSettings = {
				ALWAYS_SEARCH_USER_PATHS = NO;
				CLANG_ANALYZER_NONNULL = YES;
				CLANG_ANALYZER_NUMBER_OBJECT_CONVERSION = YES_AGGRESSIVE;
				CLANG_CXX_LANGUAGE_STANDARD = "gnu++14";
				CLANG_CXX_LIBRARY = "libc++";
				CLANG_ENABLE_MODULES = YES;
				CLANG_ENABLE_OBJC_ARC = YES;
				CLANG_ENABLE_OBJC_WEAK = YES;
				CLANG_WARN_BLOCK_CAPTURE_AUTORELEASING = YES;
				CLANG_WARN_BOOL_CONVERSION = YES;
				CLANG_WARN_COMMA = YES;
				CLANG_WARN_CONSTANT_CONVERSION = YES;
				CLANG_WARN_DEPRECATED_OBJC_IMPLEMENTATIONS = YES;
				CLANG_WARN_DIRECT_OBJC_ISA_USAGE = YES_ERROR;
				CLANG_WARN_DOCUMENTATION_COMMENTS = YES;
				CLANG_WARN_EMPTY_BODY = YES;
				CLANG_WARN_ENUM_CONVERSION = YES;
				CLANG_WARN_INFINITE_RECURSION = YES;
				CLANG_WARN_INT_CONVERSION = YES;
				CLANG_WARN_NON_LITERAL_NULL_CONVERSION = YES;
				CLANG_WARN_OBJC_IMPLICIT_RETAIN_SELF = YES;
				CLANG_WARN_OBJC_LITERAL_CONVERSION = YES;
				CLANG_WARN_OBJC_ROOT_CLASS = YES_ERROR;
				CLANG_WARN_RANGE_LOOP_ANALYSIS = YES;
				CLANG_WARN_STRICT_PROTOTYPES = YES;
				CLANG_WARN_SUSPICIOUS_MOVE = YES;
				CLANG_WARN_UNGUARDED_AVAILABILITY = YES_AGGRESSIVE;
				CLANG_WARN_UNREACHABLE_CODE = YES;
				CLANG_WARN__DUPLICATE_METHOD_MATCH = YES;
				COPY_PHASE_STRIP = NO;
				DEBUG_INFORMATION_FORMAT = "dwarf-with-dsym";
				ENABLE_NS_ASSERTIONS = NO;
				ENABLE_STRICT_OBJC_MSGSEND = YES;
				GCC_C_LANGUAGE_STANDARD = gnu11;
				GCC_NO_COMMON_BLOCKS = YES;
				GCC_WARN_64_TO_32_BIT_CONVERSION = YES;
				GCC_WARN_ABOUT_RETURN_TYPE = YES_ERROR;
				GCC_WARN_UNDECLARED_SELECTOR = YES;
				GCC_WARN_UNINITIALIZED_AUTOS = YES_AGGRESSIVE;
				GCC_WARN_UNUSED_FUNCTION = YES;
				GCC_WARN_UNUSED_VARIABLE = YES;
				IPHONEOS_DEPLOYMENT_TARGET = 13.2;
				MTL_ENABLE_DEBUG_INFO = NO;
				MTL_FAST_MATH = YES;
				SDKROOT = iphoneos;
				SWIFT_COMPILATION_MODE = wholemodule;
				SWIFT_OPTIMIZATION_LEVEL = "-O";
				VALIDATE_PRODUCT = YES;
			};
			name = Release;
		};
		5964160823FD975E0048E2AA /* Debug */ = {
			isa = XCBuildConfiguration;
			buildSettings = {
				ASSETCATALOG_COMPILER_APPICON_NAME = AppIcon;
				CODE_SIGN_STYLE = Automatic;
				DEVELOPMENT_TEAM = T6TP8CCJZC;
				INFOPLIST_FILE = "Number Guesser Final/Info.plist";
				LD_RUNPATH_SEARCH_PATHS = (
					"$(inherited)",
					"@executable_path/Frameworks",
				);
				PRODUCT_BUNDLE_IDENTIFIER = "com.ethanweinrot.Number-Guesser-Final";
				PRODUCT_NAME = "$(TARGET_NAME)";
				SWIFT_VERSION = 5.0;
				TARGETED_DEVICE_FAMILY = "1,2";
			};
			name = Debug;
		};
		5964160923FD975E0048E2AA /* Release */ = {
			isa = XCBuildConfiguration;
			buildSettings = {
				ASSETCATALOG_COMPILER_APPICON_NAME = AppIcon;
				CODE_SIGN_STYLE = Automatic;
				DEVELOPMENT_TEAM = T6TP8CCJZC;
				INFOPLIST_FILE = "Number Guesser Final/Info.plist";
				LD_RUNPATH_SEARCH_PATHS = (
					"$(inherited)",
					"@executable_path/Frameworks",
				);
				PRODUCT_BUNDLE_IDENTIFIER = "com.ethanweinrot.Number-Guesser-Final";
				PRODUCT_NAME = "$(TARGET_NAME)";
				SWIFT_VERSION = 5.0;
				TARGETED_DEVICE_FAMILY = "1,2";
			};
			name = Release;
		};
/* End XCBuildConfiguration section */

/* Begin XCConfigurationList section */
		596415EE23FD975C0048E2AA /* Build configuration list for PBXProject "Number Guesser Final" */ = {
			isa = XCConfigurationList;
			buildConfigurations = (
				5964160523FD975E0048E2AA /* Debug */,
				5964160623FD975E0048E2AA /* Release */,
			);
			defaultConfigurationIsVisible = 0;
			defaultConfigurationName = Release;
		};
		5964160723FD975E0048E2AA /* Build configuration list for PBXNativeTarget "Number Guesser Final" */ = {
			isa = XCConfigurationList;
			buildConfigurations = (
				5964160823FD975E0048E2AA /* Debug */,
				5964160923FD975E0048E2AA /* Release */,
			);
			defaultConfigurationIsVisible = 0;
			defaultConfigurationName = Release;
		};
/* End XCConfigurationList section */
	};
	rootObject = 596415EB23FD975C0048E2AA /* Project object */;
}
