// !$*UTF8*$!
{
	archiveVersion = 1;
	classes = {
	};
	objectVersion = 50;
	objects = {

/* Begin PBXBuildFile section */
		597577212375D10E00B1CFC5 /* AppDelegate.swift in Sources */ = {isa = PBXBuildFile; fileRef = 597577202375D10E00B1CFC5 /* AppDelegate.swift */; };
		597577262375D10E00B1CFC5 /* Main.storyboard in Resources */ = {isa = PBXBuildFile; fileRef = 597577242375D10E00B1CFC5 /* Main.storyboard */; };
		597577282375D11000B1CFC5 /* Assets.xcassets in Resources */ = {isa = PBXBuildFile; fileRef = 597577272375D11000B1CFC5 /* Assets.xcassets */; };
		5975772B2375D11000B1CFC5 /* LaunchScreen.storyboard in Resources */ = {isa = PBXBuildFile; fileRef = 597577292375D11000B1CFC5 /* LaunchScreen.storyboard */; };
		597577332375D29400B1CFC5 /* TableViewController.swift in Sources */ = {isa = PBXBuildFile; fileRef = 597577322375D29400B1CFC5 /* TableViewController.swift */; };
		598EDD8F237E2E3D00F13B29 /* boat.swift in Sources */ = {isa = PBXBuildFile; fileRef = 598EDD8E237E2E3D00F13B29 /* boat.swift */; };
		598EDD93237E30EB00F13B29 /* ViewController.swift in Sources */ = {isa = PBXBuildFile; fileRef = 598EDD92237E30EB00F13B29 /* ViewController.swift */; };
/* End PBXBuildFile section */

/* Begin PBXFileReference section */
		5975771D2375D10E00B1CFC5 /* BoatDictionary.app */ = {isa = PBXFileReference; explicitFileType = wrapper.application; includeInIndex = 0; path = BoatDictionary.app; sourceTree = BUILT_PRODUCTS_DIR; };
		597577202375D10E00B1CFC5 /* AppDelegate.swift */ = {isa = PBXFileReference; lastKnownFileType = sourcecode.swift; path = AppDelegate.swift; sourceTree = "<group>"; };
		597577252375D10E00B1CFC5 /* Base */ = {isa = PBXFileReference; lastKnownFileType = file.storyboard; name = Base; path = Base.lproj/Main.storyboard; sourceTree = "<group>"; };
		597577272375D11000B1CFC5 /* Assets.xcassets */ = {isa = PBXFileReference; lastKnownFileType = folder.assetcatalog; path = Assets.xcassets; sourceTree = "<group>"; };
		5975772A2375D11000B1CFC5 /* Base */ = {isa = PBXFileReference; lastKnownFileType = file.storyboard; name = Base; path = Base.lproj/LaunchScreen.storyboard; sourceTree = "<group>"; };
		5975772C2375D11000B1CFC5 /* Info.plist */ = {isa = PBXFileReference; lastKnownFileType = text.plist.xml; path = Info.plist; sourceTree = "<group>"; };
		597577322375D29400B1CFC5 /* TableViewController.swift */ = {isa = PBXFileReference; lastKnownFileType = sourcecode.swift; path = TableViewController.swift; sourceTree = "<group>"; };
		598EDD8E237E2E3D00F13B29 /* boat.swift */ = {isa = PBXFileReference; lastKnownFileType = sourcecode.swift; path = boat.swift; sourceTree = "<group>"; };
		598EDD92237E30EB00F13B29 /* ViewController.swift */ = {isa = PBXFileReference; lastKnownFileType = sourcecode.swift; path = ViewController.swift; sourceTree = "<group>"; };
/* End PBXFileReference section */

/* Begin PBXFrameworksBuildPhase section */
		5975771A2375D10E00B1CFC5 /* Frameworks */ = {
			isa = PBXFrameworksBuildPhase;
			buildActionMask = 2147483647;
			files = (
			);
			runOnlyForDeploymentPostprocessing = 0;
		};
/* End PBXFrameworksBuildPhase section */

/* Begin PBXGroup section */
		597577142375D10E00B1CFC5 = {
			isa = PBXGroup;
			children = (
				5975771F2375D10E00B1CFC5 /* BoatDictionary */,
				5975771E2375D10E00B1CFC5 /* Products */,
			);
			sourceTree = "<group>";
		};
		5975771E2375D10E00B1CFC5 /* Products */ = {
			isa = PBXGroup;
			children = (
				5975771D2375D10E00B1CFC5 /* BoatDictionary.app */,
			);
			name = Products;
			sourceTree = "<group>";
		};
		5975771F2375D10E00B1CFC5 /* BoatDictionary */ = {
			isa = PBXGroup;
			children = (
				597577202375D10E00B1CFC5 /* AppDelegate.swift */,
				597577242375D10E00B1CFC5 /* Main.storyboard */,
				597577322375D29400B1CFC5 /* TableViewController.swift */,
				598EDD92237E30EB00F13B29 /* ViewController.swift */,
				598EDD8E237E2E3D00F13B29 /* boat.swift */,
				597577272375D11000B1CFC5 /* Assets.xcassets */,
				597577292375D11000B1CFC5 /* LaunchScreen.storyboard */,
				5975772C2375D11000B1CFC5 /* Info.plist */,
			);
			path = BoatDictionary;
			sourceTree = "<group>";
		};
/* End PBXGroup section */

/* Begin PBXNativeTarget section */
		5975771C2375D10E00B1CFC5 /* BoatDictionary */ = {
			isa = PBXNativeTarget;
			buildConfigurationList = 5975772F2375D11000B1CFC5 /* Build configuration list for PBXNativeTarget "BoatDictionary" */;
			buildPhases = (
				597577192375D10E00B1CFC5 /* Sources */,
				5975771A2375D10E00B1CFC5 /* Frameworks */,
				5975771B2375D10E00B1CFC5 /* Resources */,
			);
			buildRules = (
			);
			dependencies = (
			);
			name = BoatDictionary;
			productName = BoatDictionary;
			productReference = 5975771D2375D10E00B1CFC5 /* BoatDictionary.app */;
			productType = "com.apple.product-type.application";
		};
/* End PBXNativeTarget section */

/* Begin PBXProject section */
		597577152375D10E00B1CFC5 /* Project object */ = {
			isa = PBXProject;
			attributes = {
				LastSwiftUpdateCheck = 1030;
				LastUpgradeCheck = 1030;
				ORGANIZATIONNAME = "Ethan Weinrot";
				TargetAttributes = {
					5975771C2375D10E00B1CFC5 = {
						CreatedOnToolsVersion = 10.3;
					};
				};
			};
			buildConfigurationList = 597577182375D10E00B1CFC5 /* Build configuration list for PBXProject "BoatDictionary" */;
			compatibilityVersion = "Xcode 9.3";
			developmentRegion = en;
			hasScannedForEncodings = 0;
			knownRegions = (
				en,
				Base,
			);
			mainGroup = 597577142375D10E00B1CFC5;
			productRefGroup = 5975771E2375D10E00B1CFC5 /* Products */;
			projectDirPath = "";
			projectRoot = "";
			targets = (
				5975771C2375D10E00B1CFC5 /* BoatDictionary */,
			);
		};
/* End PBXProject section */

/* Begin PBXResourcesBuildPhase section */
		5975771B2375D10E00B1CFC5 /* Resources */ = {
			isa = PBXResourcesBuildPhase;
			buildActionMask = 2147483647;
			files = (
				5975772B2375D11000B1CFC5 /* LaunchScreen.storyboard in Resources */,
				597577282375D11000B1CFC5 /* Assets.xcassets in Resources */,
				597577262375D10E00B1CFC5 /* Main.storyboard in Resources */,
			);
			runOnlyForDeploymentPostprocessing = 0;
		};
/* End PBXResourcesBuildPhase section */

/* Begin PBXSourcesBuildPhase section */
		597577192375D10E00B1CFC5 /* Sources */ = {
			isa = PBXSourcesBuildPhase;
			buildActionMask = 2147483647;
			files = (
				597577212375D10E00B1CFC5 /* AppDelegate.swift in Sources */,
				597577332375D29400B1CFC5 /* TableViewController.swift in Sources */,
				598EDD93237E30EB00F13B29 /* ViewController.swift in Sources */,
				598EDD8F237E2E3D00F13B29 /* boat.swift in Sources */,
			);
			runOnlyForDeploymentPostprocessing = 0;
		};
/* End PBXSourcesBuildPhase section */

/* Begin PBXVariantGroup section */
		597577242375D10E00B1CFC5 /* Main.storyboard */ = {
			isa = PBXVariantGroup;
			children = (
				597577252375D10E00B1CFC5 /* Base */,
			);
			name = Main.storyboard;
			sourceTree = "<group>";
		};
		597577292375D11000B1CFC5 /* LaunchScreen.storyboard */ = {
			isa = PBXVariantGroup;
			children = (
				5975772A2375D11000B1CFC5 /* Base */,
			);
			name = LaunchScreen.storyboard;
			sourceTree = "<group>";
		};
/* End PBXVariantGroup section */

/* Begin XCBuildConfiguration section */
		5975772D2375D11000B1CFC5 /* Debug */ = {
			isa = XCBuildConfiguration;
			buildSettings = {
				ALWAYS_SEARCH_USER_PATHS = NO;
				CLANG_ANALYZER_NONNULL = YES;
				CLANG_ANALYZER_NUMBER_OBJECT_CONVERSION = YES_AGGRESSIVE;
				CLANG_CXX_LANGUAGE_STANDARD = "gnu++14";
				CLANG_CXX_LIBRARY = "libc++";
				CLANG_ENABLE_MODULES = YES;
				CLANG_ENABLE_OBJC_ARC = YES;
				CLANG_ENABLE_OBJC_WEAK = YES;
				CLANG_WARN_BLOCK_CAPTURE_AUTORELEASING = YES;
				CLANG_WARN_BOOL_CONVERSION = YES;
				CLANG_WARN_COMMA = YES;
				CLANG_WARN_CONSTANT_CONVERSION = YES;
				CLANG_WARN_DEPRECATED_OBJC_IMPLEMENTATIONS = YES;
				CLANG_WARN_DIRECT_OBJC_ISA_USAGE = YES_ERROR;
				CLANG_WARN_DOCUMENTATION_COMMENTS = YES;
				CLANG_WARN_EMPTY_BODY = YES;
				CLANG_WARN_ENUM_CONVERSION = YES;
				CLANG_WARN_INFINITE_RECURSION = YES;
				CLANG_WARN_INT_CONVERSION = YES;
				CLANG_WARN_NON_LITERAL_NULL_CONVERSION = YES;
				CLANG_WARN_OBJC_IMPLICIT_RETAIN_SELF = YES;
				CLANG_WARN_OBJC_LITERAL_CONVERSION = YES;
				CLANG_WARN_OBJC_ROOT_CLASS = YES_ERROR;
				CLANG_WARN_RANGE_LOOP_ANALYSIS = YES;
				CLANG_WARN_STRICT_PROTOTYPES = YES;
				CLANG_WARN_SUSPICIOUS_MOVE = YES;
				CLANG_WARN_UNGUARDED_AVAILABILITY = YES_AGGRESSIVE;
				CLANG_WARN_UNREACHABLE_CODE = YES;
				CLANG_WARN__DUPLICATE_METHOD_MATCH = YES;
				CODE_SIGN_IDENTITY = "iPhone Developer";
				COPY_PHASE_STRIP = NO;
				DEBUG_INFORMATION_FORMAT = dwarf;
				ENABLE_STRICT_OBJC_MSGSEND = YES;
				ENABLE_TESTABILITY = YES;
				GCC_C_LANGUAGE_STANDARD = gnu11;
				GCC_DYNAMIC_NO_PIC = NO;
				GCC_NO_COMMON_BLOCKS = YES;
				GCC_OPTIMIZATION_LEVEL = 0;
				GCC_PREPROCESSOR_DEFINITIONS = (
					"DEBUG=1",
					"$(inherited)",
				);
				GCC_WARN_64_TO_32_BIT_CONVERSION = YES;
				GCC_WARN_ABOUT_RETURN_TYPE = YES_ERROR;
				GCC_WARN_UNDECLARED_SELECTOR = YES;
				GCC_WARN_UNINITIALIZED_AUTOS = YES_AGGRESSIVE;
				GCC_WARN_UNUSED_FUNCTION = YES;
				GCC_WARN_UNUSED_VARIABLE = YES;
				IPHONEOS_DEPLOYMENT_TARGET = 12.4;
				MTL_ENABLE_DEBUG_INFO = INCLUDE_SOURCE;
				MTL_FAST_MATH = YES;
				ONLY_ACTIVE_ARCH = YES;
				SDKROOT = iphoneos;
				SWIFT_ACTIVE_COMPILATION_CONDITIONS = DEBUG;
				SWIFT_OPTIMIZATION_LEVEL = "-Onone";
			};
			name = Debug;
		};
		5975772E2375D11000B1CFC5 /* Release */ = {
			isa = XCBuildConfiguration;
			buildSettings = {
				ALWAYS_SEARCH_USER_PATHS = NO;
				CLANG_ANALYZER_NONNULL = YES;
				CLANG_ANALYZER_NUMBER_OBJECT_CONVERSION = YES_AGGRESSIVE;
				CLANG_CXX_LANGUAGE_STANDARD = "gnu++14";
				CLANG_CXX_LIBRARY = "libc++";
				CLANG_ENABLE_MODULES = YES;
				CLANG_ENABLE_OBJC_ARC = YES;
				CLANG_ENABLE_OBJC_WEAK = YES;
				CLANG_WARN_BLOCK_CAPTURE_AUTORELEASING = YES;
				CLANG_WARN_BOOL_CONVERSION = YES;
				CLANG_WARN_COMMA = YES;
				CLANG_WARN_CONSTANT_CONVERSION = YES;
				CLANG_WARN_DEPRECATED_OBJC_IMPLEMENTATIONS = YES;
				CLANG_WARN_DIRECT_OBJC_ISA_USAGE = YES_ERROR;
				CLANG_WARN_DOCUMENTATION_COMMENTS = YES;
				CLANG_WARN_EMPTY_BODY = YES;
				CLANG_WARN_ENUM_CONVERSION = YES;
				CLANG_WARN_INFINITE_RECURSION = YES;
				CLANG_WARN_INT_CONVERSION = YES;
				CLANG_WARN_NON_LITERAL_NULL_CONVERSION = YES;
				CLANG_WARN_OBJC_IMPLICIT_RETAIN_SELF = YES;
				CLANG_WARN_OBJC_LITERAL_CONVERSION = YES;
				CLANG_WARN_OBJC_ROOT_CLASS = YES_ERROR;
				CLANG_WARN_RANGE_LOOP_ANALYSIS = YES;
				CLANG_WARN_STRICT_PROTOTYPES = YES;
				CLANG_WARN_SUSPICIOUS_MOVE = YES;
				CLANG_WARN_UNGUARDED_AVAILABILITY = YES_AGGRESSIVE;
				CLANG_WARN_UNREACHABLE_CODE = YES;
				CLANG_WARN__DUPLICATE_METHOD_MATCH = YES;
				CODE_SIGN_IDENTITY = "iPhone Developer";
				COPY_PHASE_STRIP = NO;
				DEBUG_INFORMATION_FORMAT = "dwarf-with-dsym";
				ENABLE_NS_ASSERTIONS = NO;
				ENABLE_STRICT_OBJC_MSGSEND = YES;
				GCC_C_LANGUAGE_STANDARD = gnu11;
				GCC_NO_COMMON_BLOCKS = YES;
				GCC_WARN_64_TO_32_BIT_CONVERSION = YES;
				GCC_WARN_ABOUT_RETURN_TYPE = YES_ERROR;
				GCC_WARN_UNDECLARED_SELECTOR = YES;
				GCC_WARN_UNINITIALIZED_AUTOS = YES_AGGRESSIVE;
				GCC_WARN_UNUSED_FUNCTION = YES;
				GCC_WARN_UNUSED_VARIABLE = YES;
				IPHONEOS_DEPLOYMENT_TARGET = 12.4;
				MTL_ENABLE_DEBUG_INFO = NO;
				MTL_FAST_MATH = YES;
				SDKROOT = iphoneos;
				SWIFT_COMPILATION_MODE = wholemodule;
				SWIFT_OPTIMIZATION_LEVEL = "-O";
				VALIDATE_PRODUCT = YES;
			};
			name = Release;
		};
		597577302375D11000B1CFC5 /* Debug */ = {
			isa = XCBuildConfiguration;
			buildSettings = {
				ASSETCATALOG_COMPILER_APPICON_NAME = AppIcon;
				CODE_SIGN_STYLE = Automatic;
				INFOPLIST_FILE = BoatDictionary/Info.plist;
				LD_RUNPATH_SEARCH_PATHS = (
					"$(inherited)",
					"@executable_path/Frameworks",
				);
				PRODUCT_BUNDLE_IDENTIFIER = com.ethanweinrot.BoatDictionary;
				PRODUCT_NAME = "$(TARGET_NAME)";
				SWIFT_VERSION = 5.0;
				TARGETED_DEVICE_FAMILY = "1,2";
			};
			name = Debug;
		};
		597577312375D11000B1CFC5 /* Release */ = {
			isa = XCBuildConfiguration;
			buildSettings = {
				ASSETCATALOG_COMPILER_APPICON_NAME = AppIcon;
				CODE_SIGN_STYLE = Automatic;
				INFOPLIST_FILE = BoatDictionary/Info.plist;
				LD_RUNPATH_SEARCH_PATHS = (
					"$(inherited)",
					"@executable_path/Frameworks",
				);
				PRODUCT_BUNDLE_IDENTIFIER = com.ethanweinrot.BoatDictionary;
				PRODUCT_NAME = "$(TARGET_NAME)";
				SWIFT_VERSION = 5.0;
				TARGETED_DEVICE_FAMILY = "1,2";
			};
			name = Release;
		};
/* End XCBuildConfiguration section */

/* Begin XCConfigurationList section */
		597577182375D10E00B1CFC5 /* Build configuration list for PBXProject "BoatDictionary" */ = {
			isa = XCConfigurationList;
			buildConfigurations = (
				5975772D2375D11000B1CFC5 /* Debug */,
				5975772E2375D11000B1CFC5 /* Release */,
			);
			defaultConfigurationIsVisible = 0;
			defaultConfigurationName = Release;
		};
		5975772F2375D11000B1CFC5 /* Build configuration list for PBXNativeTarget "BoatDictionary" */ = {
			isa = XCConfigurationList;
			buildConfigurations = (
				597577302375D11000B1CFC5 /* Debug */,
				597577312375D11000B1CFC5 /* Release */,
			);
			defaultConfigurationIsVisible = 0;
			defaultConfigurationName = Release;
		};
/* End XCConfigurationList section */
	};
	rootObject = 597577152375D10E00B1CFC5 /* Project object */;
}
