// !$*UTF8*$!
{
	archiveVersion = 1;
	classes = {
	};
	objectVersion = 50;
	objects = {

/* Begin PBXBuildFile section */
		596701F623A1619B00ADEDA5 /* AppDelegate.swift in Sources */ = {isa = PBXBuildFile; fileRef = 596701F523A1619B00ADEDA5 /* AppDelegate.swift */; };
		596701F823A1619B00ADEDA5 /* SceneDelegate.swift in Sources */ = {isa = PBXBuildFile; fileRef = 596701F723A1619B00ADEDA5 /* SceneDelegate.swift */; };
		596701FA23A1619B00ADEDA5 /* ViewController.swift in Sources */ = {isa = PBXBuildFile; fileRef = 596701F923A1619B00ADEDA5 /* ViewController.swift */; };
		596701FD23A1619B00ADEDA5 /* Main.storyboard in Resources */ = {isa = PBXBuildFile; fileRef = 596701FB23A1619B00ADEDA5 /* Main.storyboard */; };
		596701FF23A1619D00ADEDA5 /* Assets.xcassets in Resources */ = {isa = PBXBuildFile; fileRef = 596701FE23A1619D00ADEDA5 /* Assets.xcassets */; };
		5967020223A1619D00ADEDA5 /* LaunchScreen.storyboard in Resources */ = {isa = PBXBuildFile; fileRef = 5967020023A1619D00ADEDA5 /* LaunchScreen.storyboard */; };
/* End PBXBuildFile section */

/* Begin PBXFileReference section */
		596701F223A1619B00ADEDA5 /* Another SWAPI App.app */ = {isa = PBXFileReference; explicitFileType = wrapper.application; includeInIndex = 0; path = "Another SWAPI App.app"; sourceTree = BUILT_PRODUCTS_DIR; };
		596701F523A1619B00ADEDA5 /* AppDelegate.swift */ = {isa = PBXFileReference; lastKnownFileType = sourcecode.swift; path = AppDelegate.swift; sourceTree = "<group>"; };
		596701F723A1619B00ADEDA5 /* SceneDelegate.swift */ = {isa = PBXFileReference; lastKnownFileType = sourcecode.swift; path = SceneDelegate.swift; sourceTree = "<group>"; };
		596701F923A1619B00ADEDA5 /* ViewController.swift */ = {isa = PBXFileReference; lastKnownFileType = sourcecode.swift; path = ViewController.swift; sourceTree = "<group>"; };
		596701FC23A1619B00ADEDA5 /* Base */ = {isa = PBXFileReference; lastKnownFileType = file.storyboard; name = Base; path = Base.lproj/Main.storyboard; sourceTree = "<group>"; };
		596701FE23A1619D00ADEDA5 /* Assets.xcassets */ = {isa = PBXFileReference; lastKnownFileType = folder.assetcatalog; path = Assets.xcassets; sourceTree = "<group>"; };
		5967020123A1619D00ADEDA5 /* Base */ = {isa = PBXFileReference; lastKnownFileType = file.storyboard; name = Base; path = Base.lproj/LaunchScreen.storyboard; sourceTree = "<group>"; };
		5967020323A1619D00ADEDA5 /* Info.plist */ = {isa = PBXFileReference; lastKnownFileType = text.plist.xml; path = Info.plist; sourceTree = "<group>"; };
/* End PBXFileReference section */

/* Begin PBXFrameworksBuildPhase section */
		596701EF23A1619B00ADEDA5 /* Frameworks */ = {
			isa = PBXFrameworksBuildPhase;
			buildActionMask = 2147483647;
			files = (
			);
			runOnlyForDeploymentPostprocessing = 0;
		};
/* End PBXFrameworksBuildPhase section */

/* Begin PBXGroup section */
		596701E923A1619B00ADEDA5 = {
			isa = PBXGroup;
			children = (
				596701F423A1619B00ADEDA5 /* Another SWAPI App */,
				596701F323A1619B00ADEDA5 /* Products */,
			);
			sourceTree = "<group>";
		};
		596701F323A1619B00ADEDA5 /* Products */ = {
			isa = PBXGroup;
			children = (
				596701F223A1619B00ADEDA5 /* Another SWAPI App.app */,
			);
			name = Products;
			sourceTree = "<group>";
		};
		596701F423A1619B00ADEDA5 /* Another SWAPI App */ = {
			isa = PBXGroup;
			children = (
				596701F523A1619B00ADEDA5 /* AppDelegate.swift */,
				596701F723A1619B00ADEDA5 /* SceneDelegate.swift */,
				596701F923A1619B00ADEDA5 /* ViewController.swift */,
				596701FB23A1619B00ADEDA5 /* Main.storyboard */,
				596701FE23A1619D00ADEDA5 /* Assets.xcassets */,
				5967020023A1619D00ADEDA5 /* LaunchScreen.storyboard */,
				5967020323A1619D00ADEDA5 /* Info.plist */,
			);
			path = "Another SWAPI App";
			sourceTree = "<group>";
		};
/* End PBXGroup section */

/* Begin PBXNativeTarget section */
		596701F123A1619B00ADEDA5 /* Another SWAPI App */ = {
			isa = PBXNativeTarget;
			buildConfigurationList = 5967020623A1619D00ADEDA5 /* Build configuration list for PBXNativeTarget "Another SWAPI App" */;
			buildPhases = (
				596701EE23A1619B00ADEDA5 /* Sources */,
				596701EF23A1619B00ADEDA5 /* Frameworks */,
				596701F023A1619B00ADEDA5 /* Resources */,
			);
			buildRules = (
			);
			dependencies = (
			);
			name = "Another SWAPI App";
			productName = "Another SWAPI App";
			productReference = 596701F223A1619B00ADEDA5 /* Another SWAPI App.app */;
			productType = "com.apple.product-type.application";
		};
/* End PBXNativeTarget section */

/* Begin PBXProject section */
		596701EA23A1619B00ADEDA5 /* Project object */ = {
			isa = PBXProject;
			attributes = {
				LastSwiftUpdateCheck = 1130;
				LastUpgradeCheck = 1130;
				ORGANIZATIONNAME = "Ethan Weinrot";
				TargetAttributes = {
					596701F123A1619B00ADEDA5 = {
						CreatedOnToolsVersion = 11.3;
					};
				};
			};
			buildConfigurationList = 596701ED23A1619B00ADEDA5 /* Build configuration list for PBXProject "Another SWAPI App" */;
			compatibilityVersion = "Xcode 9.3";
			developmentRegion = en;
			hasScannedForEncodings = 0;
			knownRegions = (
				en,
				Base,
			);
			mainGroup = 596701E923A1619B00ADEDA5;
			productRefGroup = 596701F323A1619B00ADEDA5 /* Products */;
			projectDirPath = "";
			projectRoot = "";
			targets = (
				596701F123A1619B00ADEDA5 /* Another SWAPI App */,
			);
		};
/* End PBXProject section */

/* Begin PBXResourcesBuildPhase section */
		596701F023A1619B00ADEDA5 /* Resources */ = {
			isa = PBXResourcesBuildPhase;
			buildActionMask = 2147483647;
			files = (
				5967020223A1619D00ADEDA5 /* LaunchScreen.storyboard in Resources */,
				596701FF23A1619D00ADEDA5 /* Assets.xcassets in Resources */,
				596701FD23A1619B00ADEDA5 /* Main.storyboard in Resources */,
			);
			runOnlyForDeploymentPostprocessing = 0;
		};
/* End PBXResourcesBuildPhase section */

/* Begin PBXSourcesBuildPhase section */
		596701EE23A1619B00ADEDA5 /* Sources */ = {
			isa = PBXSourcesBuildPhase;
			buildActionMask = 2147483647;
			files = (
				596701FA23A1619B00ADEDA5 /* ViewController.swift in Sources */,
				596701F623A1619B00ADEDA5 /* AppDelegate.swift in Sources */,
				596701F823A1619B00ADEDA5 /* SceneDelegate.swift in Sources */,
			);
			runOnlyForDeploymentPostprocessing = 0;
		};
/* End PBXSourcesBuildPhase section */

/* Begin PBXVariantGroup section */
		596701FB23A1619B00ADEDA5 /* Main.storyboard */ = {
			isa = PBXVariantGroup;
			children = (
				596701FC23A1619B00ADEDA5 /* Base */,
			);
			name = Main.storyboard;
			sourceTree = "<group>";
		};
		5967020023A1619D00ADEDA5 /* LaunchScreen.storyboard */ = {
			isa = PBXVariantGroup;
			children = (
				5967020123A1619D00ADEDA5 /* Base */,
			);
			name = LaunchScreen.storyboard;
			sourceTree = "<group>";
		};
/* End PBXVariantGroup section */

/* Begin XCBuildConfiguration section */
		5967020423A1619D00ADEDA5 /* Debug */ = {
			isa = XCBuildConfiguration;
			buildSettings = {
				ALWAYS_SEARCH_USER_PATHS = NO;
				CLANG_ANALYZER_NONNULL = YES;
				CLANG_ANALYZER_NUMBER_OBJECT_CONVERSION = YES_AGGRESSIVE;
				CLANG_CXX_LANGUAGE_STANDARD = "gnu++14";
				CLANG_CXX_LIBRARY = "libc++";
				CLANG_ENABLE_MODULES = YES;
				CLANG_ENABLE_OBJC_ARC = YES;
				CLANG_ENABLE_OBJC_WEAK = YES;
				CLANG_WARN_BLOCK_CAPTURE_AUTORELEASING = YES;
				CLANG_WARN_BOOL_CONVERSION = YES;
				CLANG_WARN_COMMA = YES;
				CLANG_WARN_CONSTANT_CONVERSION = YES;
				CLANG_WARN_DEPRECATED_OBJC_IMPLEMENTATIONS = YES;
				CLANG_WARN_DIRECT_OBJC_ISA_USAGE = YES_ERROR;
				CLANG_WARN_DOCUMENTATION_COMMENTS = YES;
				CLANG_WARN_EMPTY_BODY = YES;
				CLANG_WARN_ENUM_CONVERSION = YES;
				CLANG_WARN_INFINITE_RECURSION = YES;
				CLANG_WARN_INT_CONVERSION = YES;
				CLANG_WARN_NON_LITERAL_NULL_CONVERSION = YES;
				CLANG_WARN_OBJC_IMPLICIT_RETAIN_SELF = YES;
				CLANG_WARN_OBJC_LITERAL_CONVERSION = YES;
				CLANG_WARN_OBJC_ROOT_CLASS = YES_ERROR;
				CLANG_WARN_RANGE_LOOP_ANALYSIS = YES;
				CLANG_WARN_STRICT_PROTOTYPES = YES;
				CLANG_WARN_SUSPICIOUS_MOVE = YES;
				CLANG_WARN_UNGUARDED_AVAILABILITY = YES_AGGRESSIVE;
				CLANG_WARN_UNREACHABLE_CODE = YES;
				CLANG_WARN__DUPLICATE_METHOD_MATCH = YES;
				COPY_PHASE_STRIP = NO;
				DEBUG_INFORMATION_FORMAT = dwarf;
				ENABLE_STRICT_OBJC_MSGSEND = YES;
				ENABLE_TESTABILITY = YES;
				GCC_C_LANGUAGE_STANDARD = gnu11;
				GCC_DYNAMIC_NO_PIC = NO;
				GCC_NO_COMMON_BLOCKS = YES;
				GCC_OPTIMIZATION_LEVEL = 0;
				GCC_PREPROCESSOR_DEFINITIONS = (
					"DEBUG=1",
					"$(inherited)",
				);
				GCC_WARN_64_TO_32_BIT_CONVERSION = YES;
				GCC_WARN_ABOUT_RETURN_TYPE = YES_ERROR;
				GCC_WARN_UNDECLARED_SELECTOR = YES;
				GCC_WARN_UNINITIALIZED_AUTOS = YES_AGGRESSIVE;
				GCC_WARN_UNUSED_FUNCTION = YES;
				GCC_WARN_UNUSED_VARIABLE = YES;
				IPHONEOS_DEPLOYMENT_TARGET = 13.2;
				MTL_ENABLE_DEBUG_INFO = INCLUDE_SOURCE;
				MTL_FAST_MATH = YES;
				ONLY_ACTIVE_ARCH = YES;
				SDKROOT = iphoneos;
				SWIFT_ACTIVE_COMPILATION_CONDITIONS = DEBUG;
				SWIFT_OPTIMIZATION_LEVEL = "-Onone";
			};
			name = Debug;
		};
		5967020523A1619D00ADEDA5 /* Release */ = {
			isa = XCBuildConfiguration;
			buildSettings = {
				ALWAYS_SEARCH_USER_PATHS = NO;
				CLANG_ANALYZER_NONNULL = YES;
				CLANG_ANALYZER_NUMBER_OBJECT_CONVERSION = YES_AGGRESSIVE;
				CLANG_CXX_LANGUAGE_STANDARD = "gnu++14";
				CLANG_CXX_LIBRARY = "libc++";
				CLANG_ENABLE_MODULES = YES;
				CLANG_ENABLE_OBJC_ARC = YES;
				CLANG_ENABLE_OBJC_WEAK = YES;
				CLANG_WARN_BLOCK_CAPTURE_AUTORELEASING = YES;
				CLANG_WARN_BOOL_CONVERSION = YES;
				CLANG_WARN_COMMA = YES;
				CLANG_WARN_CONSTANT_CONVERSION = YES;
				CLANG_WARN_DEPRECATED_OBJC_IMPLEMENTATIONS = YES;
				CLANG_WARN_DIRECT_OBJC_ISA_USAGE = YES_ERROR;
				CLANG_WARN_DOCUMENTATION_COMMENTS = YES;
				CLANG_WARN_EMPTY_BODY = YES;
				CLANG_WARN_ENUM_CONVERSION = YES;
				CLANG_WARN_INFINITE_RECURSION = YES;
				CLANG_WARN_INT_CONVERSION = YES;
				CLANG_WARN_NON_LITERAL_NULL_CONVERSION = YES;
				CLANG_WARN_OBJC_IMPLICIT_RETAIN_SELF = YES;
				CLANG_WARN_OBJC_LITERAL_CONVERSION = YES;
				CLANG_WARN_OBJC_ROOT_CLASS = YES_ERROR;
				CLANG_WARN_RANGE_LOOP_ANALYSIS = YES;
				CLANG_WARN_STRICT_PROTOTYPES = YES;
				CLANG_WARN_SUSPICIOUS_MOVE = YES;
				CLANG_WARN_UNGUARDED_AVAILABILITY = YES_AGGRESSIVE;
				CLANG_WARN_UNREACHABLE_CODE = YES;
				CLANG_WARN__DUPLICATE_METHOD_MATCH = YES;
				COPY_PHASE_STRIP = NO;
				DEBUG_INFORMATION_FORMAT = "dwarf-with-dsym";
				ENABLE_NS_ASSERTIONS = NO;
				ENABLE_STRICT_OBJC_MSGSEND = YES;
				GCC_C_LANGUAGE_STANDARD = gnu11;
				GCC_NO_COMMON_BLOCKS = YES;
				GCC_WARN_64_TO_32_BIT_CONVERSION = YES;
				GCC_WARN_ABOUT_RETURN_TYPE = YES_ERROR;
				GCC_WARN_UNDECLARED_SELECTOR = YES;
				GCC_WARN_UNINITIALIZED_AUTOS = YES_AGGRESSIVE;
				GCC_WARN_UNUSED_FUNCTION = YES;
				GCC_WARN_UNUSED_VARIABLE = YES;
				IPHONEOS_DEPLOYMENT_TARGET = 13.2;
				MTL_ENABLE_DEBUG_INFO = NO;
				MTL_FAST_MATH = YES;
				SDKROOT = iphoneos;
				SWIFT_COMPILATION_MODE = wholemodule;
				SWIFT_OPTIMIZATION_LEVEL = "-O";
				VALIDATE_PRODUCT = YES;
			};
			name = Release;
		};
		5967020723A1619D00ADEDA5 /* Debug */ = {
			isa = XCBuildConfiguration;
			buildSettings = {
				ASSETCATALOG_COMPILER_APPICON_NAME = AppIcon;
				CODE_SIGN_STYLE = Automatic;
				INFOPLIST_FILE = "Another SWAPI App/Info.plist";
				LD_RUNPATH_SEARCH_PATHS = (
					"$(inherited)",
					"@executable_path/Frameworks",
				);
				PRODUCT_BUNDLE_IDENTIFIER = "com.ethanweinrot.Another-SWAPI-App";
				PRODUCT_NAME = "$(TARGET_NAME)";
				SWIFT_VERSION = 5.0;
				TARGETED_DEVICE_FAMILY = "1,2";
			};
			name = Debug;
		};
		5967020823A1619D00ADEDA5 /* Release */ = {
			isa = XCBuildConfiguration;
			buildSettings = {
				ASSETCATALOG_COMPILER_APPICON_NAME = AppIcon;
				CODE_SIGN_STYLE = Automatic;
				INFOPLIST_FILE = "Another SWAPI App/Info.plist";
				LD_RUNPATH_SEARCH_PATHS = (
					"$(inherited)",
					"@executable_path/Frameworks",
				);
				PRODUCT_BUNDLE_IDENTIFIER = "com.ethanweinrot.Another-SWAPI-App";
				PRODUCT_NAME = "$(TARGET_NAME)";
				SWIFT_VERSION = 5.0;
				TARGETED_DEVICE_FAMILY = "1,2";
			};
			name = Release;
		};
/* End XCBuildConfiguration section */

/* Begin XCConfigurationList section */
		596701ED23A1619B00ADEDA5 /* Build configuration list for PBXProject "Another SWAPI App" */ = {
			isa = XCConfigurationList;
			buildConfigurations = (
				5967020423A1619D00ADEDA5 /* Debug */,
				5967020523A1619D00ADEDA5 /* Release */,
			);
			defaultConfigurationIsVisible = 0;
			defaultConfigurationName = Release;
		};
		5967020623A1619D00ADEDA5 /* Build configuration list for PBXNativeTarget "Another SWAPI App" */ = {
			isa = XCConfigurationList;
			buildConfigurations = (
				5967020723A1619D00ADEDA5 /* Debug */,
				5967020823A1619D00ADEDA5 /* Release */,
			);
			defaultConfigurationIsVisible = 0;
			defaultConfigurationName = Release;
		};
/* End XCConfigurationList section */
	};
	rootObject = 596701EA23A1619B00ADEDA5 /* Project object */;
}
